
Microsoft Visual Studio Solution File, Format Version 12.00
# Visual Studio Version 17
VisualStudioVersion = 17.5.002.0
MinimumVisualStudioVersion = 10.0.40219.1
Project("{9A19103F-16F7-4668-BE54-9A1E7A4F7556}") = "eight", "eight.csproj", "{473D1DF7-09DA-462C-93E0-16FF5D2F0A5C}"
EndProject
Global
	GlobalSection(SolutionConfigurationPlatforms) = preSolution
		Debug|Any CPU = Debug|Any CPU
		Release|Any CPU = Release|Any CPU
	EndGlobalSection
	GlobalSection(ProjectConfigurationPlatforms) = postSolution
		{473D1DF7-09DA-462C-93E0-16FF5D2F0A5C}.Debug|Any CPU.ActiveCfg = Debug|Any CPU
		{473D1DF7-09DA-462C-93E0-16FF5D2F0A5C}.Debug|Any CPU.Build.0 = Debug|Any CPU
		{473D1DF7-09DA-462C-93E0-16FF5D2F0A5C}.Release|Any CPU.ActiveCfg = Release|Any CPU
		{473D1DF7-09DA-462C-93E0-16FF5D2F0A5C}.Release|Any CPU.Build.0 = Release|Any CPU
	EndGlobalSection
	GlobalSection(SolutionProperties) = preSolution
		HideSolutionNode = FALSE
	EndGlobalSection
	GlobalSection(ExtensibilityGlobals) = postSolution
		SolutionGuid = {14A8BA2A-4D40-4AA4-AECC-CBEAF6A8A425}
	EndGlobalSection
EndGlobal
